
Microsoft Visual Studio Solution File, Format Version 12.00
# Visual Studio Version 17
VisualStudioVersion = 17.4.33103.184
MinimumVisualStudioVersion = 10.0.40219.1
Project("{9A19103F-16F7-4668-BE54-9A1E7A4F7556}") = "LightOff.Host", "LightOff.Host\LightOff.Host.csproj", "{CCEA747D-1500-40D5-8B27-BFCCE16F77F0}"
EndProject
Project("{9A19103F-16F7-4668-BE54-9A1E7A4F7556}") = "RailgunNet", "RailgunNet\RailgunNet.csproj", "{53422849-2805-48CA-967F-47F7A72537D2}"
EndProject
Project("{9A19103F-16F7-4668-BE54-9A1E7A4F7556}") = "LightOff.Messaging", "LightOff.Messaging\LightOff.Messaging.csproj", "{787D8501-D44A-4203-923F-AEAD632679DF}"
EndProject
Project("{9A19103F-16F7-4668-BE54-9A1E7A4F7556}") = "SharpMath2", "SharpMath2\SharpMath2.csproj", "{3C90A4BF-15FC-4781-B3F8-E416FCAE9BDD}"
EndProject
Project("{9A19103F-16F7-4668-BE54-9A1E7A4F7556}") = "LightOff.Logic", "LightOff.Logic\LightOff.Logic.csproj", "{743CF6F4-FFBD-4B6C-BE91-94421DBB3FB8}"
EndProject
Project("{9A19103F-16F7-4668-BE54-9A1E7A4F7556}") = "LightOff.Level", "LightOff.Level\LightOff.Level.csproj", "{9D7EDADF-055F-4195-BE7B-1705BD926031}"
EndProject
Project("{FAE04EC0-301F-11D3-BF4B-00C04F79EFBC}") = "LightOff.Host.Tests", "LightOff.Host.Tests\LightOff.Host.Tests.csproj", "{C4E49981-F3F8-4DFC-9E79-79362F2423B1}"
EndProject
Global
	GlobalSection(SolutionConfigurationPlatforms) = preSolution
		Debug|Any CPU = Debug|Any CPU
		Release|Any CPU = Release|Any CPU
	EndGlobalSection
	GlobalSection(ProjectConfigurationPlatforms) = postSolution
		{CCEA747D-1500-40D5-8B27-BFCCE16F77F0}.Debug|Any CPU.ActiveCfg = Debug|Any CPU
		{CCEA747D-1500-40D5-8B27-BFCCE16F77F0}.Debug|Any CPU.Build.0 = Debug|Any CPU
		{CCEA747D-1500-40D5-8B27-BFCCE16F77F0}.Release|Any CPU.ActiveCfg = Release|Any CPU
		{CCEA747D-1500-40D5-8B27-BFCCE16F77F0}.Release|Any CPU.Build.0 = Release|Any CPU
		{53422849-2805-48CA-967F-47F7A72537D2}.Debug|Any CPU.ActiveCfg = Debug|Any CPU
		{53422849-2805-48CA-967F-47F7A72537D2}.Debug|Any CPU.Build.0 = Debug|Any CPU
		{53422849-2805-48CA-967F-47F7A72537D2}.Release|Any CPU.ActiveCfg = Release|Any CPU
		{53422849-2805-48CA-967F-47F7A72537D2}.Release|Any CPU.Build.0 = Release|Any CPU
		{787D8501-D44A-4203-923F-AEAD632679DF}.Debug|Any CPU.ActiveCfg = Debug|Any CPU
		{787D8501-D44A-4203-923F-AEAD632679DF}.Debug|Any CPU.Build.0 = Debug|Any CPU
		{787D8501-D44A-4203-923F-AEAD632679DF}.Release|Any CPU.ActiveCfg = Release|Any CPU
		{787D8501-D44A-4203-923F-AEAD632679DF}.Release|Any CPU.Build.0 = Release|Any CPU
		{3C90A4BF-15FC-4781-B3F8-E416FCAE9BDD}.Debug|Any CPU.ActiveCfg = Debug|Any CPU
		{3C90A4BF-15FC-4781-B3F8-E416FCAE9BDD}.Debug|Any CPU.Build.0 = Debug|Any CPU
		{3C90A4BF-15FC-4781-B3F8-E416FCAE9BDD}.Release|Any CPU.ActiveCfg = Release|Any CPU
		{3C90A4BF-15FC-4781-B3F8-E416FCAE9BDD}.Release|Any CPU.Build.0 = Release|Any CPU
		{743CF6F4-FFBD-4B6C-BE91-94421DBB3FB8}.Debug|Any CPU.ActiveCfg = Debug|Any CPU
		{743CF6F4-FFBD-4B6C-BE91-94421DBB3FB8}.Debug|Any CPU.Build.0 = Debug|Any CPU
		{743CF6F4-FFBD-4B6C-BE91-94421DBB3FB8}.Release|Any CPU.ActiveCfg = Release|Any CPU
		{743CF6F4-FFBD-4B6C-BE91-94421DBB3FB8}.Release|Any CPU.Build.0 = Release|Any CPU
		{9D7EDADF-055F-4195-BE7B-1705BD926031}.Debug|Any CPU.ActiveCfg = Debug|Any CPU
		{9D7EDADF-055F-4195-BE7B-1705BD926031}.Debug|Any CPU.Build.0 = Debug|Any CPU
		{9D7EDADF-055F-4195-BE7B-1705BD926031}.Release|Any CPU.ActiveCfg = Release|Any CPU
		{9D7EDADF-055F-4195-BE7B-1705BD926031}.Release|Any CPU.Build.0 = Release|Any CPU
		{C4E49981-F3F8-4DFC-9E79-79362F2423B1}.Debug|Any CPU.ActiveCfg = Debug|Any CPU
		{C4E49981-F3F8-4DFC-9E79-79362F2423B1}.Debug|Any CPU.Build.0 = Debug|Any CPU
		{C4E49981-F3F8-4DFC-9E79-79362F2423B1}.Release|Any CPU.ActiveCfg = Release|Any CPU
		{C4E49981-F3F8-4DFC-9E79-79362F2423B1}.Release|Any CPU.Build.0 = Release|Any CPU
	EndGlobalSection
	GlobalSection(SolutionProperties) = preSolution
		HideSolutionNode = FALSE
	EndGlobalSection
	GlobalSection(ExtensibilityGlobals) = postSolution
		SolutionGuid = {7E8C7C76-20D2-4FB3-8809-669FB9175B66}
	EndGlobalSection
EndGlobal
