
Microsoft Visual Studio Solution File, Format Version 12.00
# Visual Studio Version 17
VisualStudioVersion = 17.4.33103.184
MinimumVisualStudioVersion = 10.0.40219.1
Project("{9A19103F-16F7-4668-BE54-9A1E7A4F7556}") = "LightOff.Host", "LightOff.Host\LightOff.Host.csproj", "{CCEA747D-1500-40D5-8B27-BFCCE16F77F0}"
EndProject
Project("{9A19103F-16F7-4668-BE54-9A1E7A4F7556}") = "RailgunNet", "RailgunNet\RailgunNet.csproj", "{53422849-2805-48CA-967F-47F7A72537D2}"
EndProject

Global
	GlobalSection(SolutionConfigurationPlatforms) = preSolution
		Debug|Any CPU = Debug|Any CPU
		Release|Any CPU = Release|Any CPU
	EndGlobalSection
	GlobalSection(ProjectConfigurationPlatforms) = postSolution
		{CCEA747D-1500-40D5-8B27-BFCCE16F77F0}.Debug|Any CPU.ActiveCfg = Debug|Any CPU
		{CCEA747D-1500-40D5-8B27-BFCCE16F77F0}.Debug|Any CPU.Build.0 = Debug|Any CPU
		{CCEA747D-1500-40D5-8B27-BFCCE16F77F0}.Release|Any CPU.ActiveCfg = Release|Any CPU
		{CCEA747D-1500-40D5-8B27-BFCCE16F77F0}.Release|Any CPU.Build.0 = Release|Any CPU
		{53422849-2805-48CA-967F-47F7A72537D2}.Debug|Any CPU.ActiveCfg = Debug|Any CPU
		{53422849-2805-48CA-967F-47F7A72537D2}.Debug|Any CPU.Build.0 = Debug|Any CPU
		{53422849-2805-48CA-967F-47F7A72537D2}.Release|Any CPU.ActiveCfg = Release|Any CPU
		{53422849-2805-48CA-967F-47F7A72537D2}.Release|Any CPU.Build.0 = Release|Any CPU
	EndGlobalSection
	GlobalSection(SolutionProperties) = preSolution
		HideSolutionNode = FALSE
	EndGlobalSection
	GlobalSection(ExtensibilityGlobals) = postSolution
		SolutionGuid = {7E8C7C76-20D2-4FB3-8809-669FB9175B66}
	EndGlobalSection
EndGlobal
